
Microsoft Visual Studio Solution File, Format Version 12.00
# Visual Studio Version 17
VisualStudioVersion = 17.0.31903.59
MinimumVisualStudioVersion = 10.0.40219.1
Project("{2150E333-8FDC-42A3-9474-1A3956D46DE8}") = "src", "src", "{827E0CD3-B72D-47B6-A68D-7590B98EB39B}"
EndProject
Project("{2150E333-8FDC-42A3-9474-1A3956D46DE8}") = "1-Host", "1-Host", "{B7AECFF1-202C-D816-9638-0D0F0BE958BD}"
EndProject
Project("{FAE04EC0-301F-11D3-BF4B-00C04F79EFBC}") = "Store.Host", "src\1-Host\Store.Host\Store.Host.csproj", "{6BFCAF0B-CD24-4A51-B1DC-7BB3BFCD4C93}"
EndProject
Project("{2150E333-8FDC-42A3-9474-1A3956D46DE8}") = "2-AppService", "2-AppService", "{9E3EC049-3CFF-6165-9C19-533369C47246}"
EndProject
Project("{FAE04EC0-301F-11D3-BF4B-00C04F79EFBC}") = "Store.AppService", "src\2-AppService\Store.AppService\Store.AppService.csproj", "{AC237954-1093-41EB-996A-DF109D8FF763}"
EndProject
Project("{FAE04EC0-301F-11D3-BF4B-00C04F79EFBC}") = "Store.AppService.Interfaces", "src\2-AppService\Store.AppService.Interfaces\Store.AppService.Interfaces.csproj", "{7ABD4425-F6F5-4C73-ABA8-D70E9B5EAEF7}"
EndProject
Project("{2150E333-8FDC-42A3-9474-1A3956D46DE8}") = "3-Domain", "3-Domain", "{D246CDC7-1ACB-420F-0BA9-401DB6580FDC}"
EndProject
Project("{FAE04EC0-301F-11D3-BF4B-00C04F79EFBC}") = "Store.Domain", "src\3-Domain\Store.Domain\Store.Domain.csproj", "{19601AFA-F2C0-4541-9F0E-65B3D182E673}"
EndProject
Project("{FAE04EC0-301F-11D3-BF4B-00C04F79EFBC}") = "Store.Domain.Interfaces", "src\3-Domain\Store.Domain.Interfaces\Store.Domain.Interfaces.csproj", "{3CC568DB-34B2-4AB5-872D-32055B388EEF}"
EndProject
Project("{FAE04EC0-301F-11D3-BF4B-00C04F79EFBC}") = "Store.Domain.Models", "src\3-Domain\Store.Domain.Models\Store.Domain.Models.csproj", "{815FCBCD-0153-47A8-8E2B-02643D5B9EB8}"
EndProject
Project("{2150E333-8FDC-42A3-9474-1A3956D46DE8}") = "4-Infra", "4-Infra", "{0A67D5DD-22A1-27B8-4A7A-EC9C81466DB4}"
EndProject
Project("{FAE04EC0-301F-11D3-BF4B-00C04F79EFBC}") = "Store.Infra.CrossCutting.IoC", "src\4-Infra\Store.Infra.CrossCutting.IoC\Store.Infra.CrossCutting.IoC.csproj", "{A09A2FAD-87CC-4987-8828-C3276B561A32}"
EndProject
Project("{FAE04EC0-301F-11D3-BF4B-00C04F79EFBC}") = "Store.Infra.Data.NoSql", "src\4-Infra\Store.Infra.Data.NoSql\Store.Infra.Data.NoSql.csproj", "{5608C8B5-C547-40F6-A450-4893E3FAC8D3}"
EndProject
Project("{FAE04EC0-301F-11D3-BF4B-00C04F79EFBC}") = "Store.Infra.Data.Provider", "src\4-Infra\Store.Infra.Data.Provider\Store.Infra.Data.Provider.csproj", "{68F775D5-F747-4B64-8675-72DCF8E14B18}"
EndProject
Project("{2150E333-8FDC-42A3-9474-1A3956D46DE8}") = "5-Tests", "5-Tests", "{80EB7CCB-1A5F-047E-9039-B8D47792A748}"
EndProject
Project("{FAE04EC0-301F-11D3-BF4B-00C04F79EFBC}") = "Store.TestesIntegracao", "src\5-Tests\Store.TestesIntegracao\Store.TestesIntegracao.csproj", "{D04DF464-2F1E-44E6-9302-793F89E6B4D9}"
EndProject
Project("{FAE04EC0-301F-11D3-BF4B-00C04F79EFBC}") = "Store.TestesUnitarios", "src\5-Tests\Store.TestesUnitarios\Store.TestesUnitarios.csproj", "{6F0EC984-0D2E-4350-8C11-A66910288E01}"
EndProject
Project("{2150E333-8FDC-42A3-9474-1A3956D46DE8}") = "Shared", "Shared", "{C8E42992-5E42-0C2B-DBFE-AA848D06431C}"
EndProject
Project("{FAE04EC0-301F-11D3-BF4B-00C04F79EFBC}") = "Store.Shared", "src\Shared\Store.Shared\Store.Shared.csproj", "{F0ED4E79-29B9-4903-8015-4B6D69685749}"
EndProject
Project("{2150E333-8FDC-42A3-9474-1A3956D46DE8}") = "Itens de Solução", "Itens de Solução", "{380A7511-A354-6D7A-0CC0-8FA1F1BA7B6C}"
	ProjectSection(SolutionItems) = preProject
		.gitattributes = .gitattributes
	EndProjectSection
EndProject
Project("{FAE04EC0-301F-11D3-BF4B-00C04F79EFBC}") = "Store.Infra.Interfaces", "src\4-Infra\Store.Infra.Interfaces\Store.Infra.Interfaces\Store.Infra.Interfaces.csproj", "{50F792D8-6092-4F26-9D78-C23484D018B8}"
EndProject
Global
	GlobalSection(SolutionConfigurationPlatforms) = preSolution
		Debug|Any CPU = Debug|Any CPU
		Debug|x64 = Debug|x64
		Debug|x86 = Debug|x86
		Release|Any CPU = Release|Any CPU
		Release|x64 = Release|x64
		Release|x86 = Release|x86
	EndGlobalSection
	GlobalSection(ProjectConfigurationPlatforms) = postSolution
		{6BFCAF0B-CD24-4A51-B1DC-7BB3BFCD4C93}.Debug|Any CPU.ActiveCfg = Debug|Any CPU
		{6BFCAF0B-CD24-4A51-B1DC-7BB3BFCD4C93}.Debug|Any CPU.Build.0 = Debug|Any CPU
		{6BFCAF0B-CD24-4A51-B1DC-7BB3BFCD4C93}.Debug|x64.ActiveCfg = Debug|Any CPU
		{6BFCAF0B-CD24-4A51-B1DC-7BB3BFCD4C93}.Debug|x64.Build.0 = Debug|Any CPU
		{6BFCAF0B-CD24-4A51-B1DC-7BB3BFCD4C93}.Debug|x86.ActiveCfg = Debug|Any CPU
		{6BFCAF0B-CD24-4A51-B1DC-7BB3BFCD4C93}.Debug|x86.Build.0 = Debug|Any CPU
		{6BFCAF0B-CD24-4A51-B1DC-7BB3BFCD4C93}.Release|Any CPU.ActiveCfg = Release|Any CPU
		{6BFCAF0B-CD24-4A51-B1DC-7BB3BFCD4C93}.Release|Any CPU.Build.0 = Release|Any CPU
		{6BFCAF0B-CD24-4A51-B1DC-7BB3BFCD4C93}.Release|x64.ActiveCfg = Release|Any CPU
		{6BFCAF0B-CD24-4A51-B1DC-7BB3BFCD4C93}.Release|x64.Build.0 = Release|Any CPU
		{6BFCAF0B-CD24-4A51-B1DC-7BB3BFCD4C93}.Release|x86.ActiveCfg = Release|Any CPU
		{6BFCAF0B-CD24-4A51-B1DC-7BB3BFCD4C93}.Release|x86.Build.0 = Release|Any CPU
		{AC237954-1093-41EB-996A-DF109D8FF763}.Debug|Any CPU.ActiveCfg = Debug|Any CPU
		{AC237954-1093-41EB-996A-DF109D8FF763}.Debug|Any CPU.Build.0 = Debug|Any CPU
		{AC237954-1093-41EB-996A-DF109D8FF763}.Debug|x64.ActiveCfg = Debug|Any CPU
		{AC237954-1093-41EB-996A-DF109D8FF763}.Debug|x64.Build.0 = Debug|Any CPU
		{AC237954-1093-41EB-996A-DF109D8FF763}.Debug|x86.ActiveCfg = Debug|Any CPU
		{AC237954-1093-41EB-996A-DF109D8FF763}.Debug|x86.Build.0 = Debug|Any CPU
		{AC237954-1093-41EB-996A-DF109D8FF763}.Release|Any CPU.ActiveCfg = Release|Any CPU
		{AC237954-1093-41EB-996A-DF109D8FF763}.Release|Any CPU.Build.0 = Release|Any CPU
		{AC237954-1093-41EB-996A-DF109D8FF763}.Release|x64.ActiveCfg = Release|Any CPU
		{AC237954-1093-41EB-996A-DF109D8FF763}.Release|x64.Build.0 = Release|Any CPU
		{AC237954-1093-41EB-996A-DF109D8FF763}.Release|x86.ActiveCfg = Release|Any CPU
		{AC237954-1093-41EB-996A-DF109D8FF763}.Release|x86.Build.0 = Release|Any CPU
		{7ABD4425-F6F5-4C73-ABA8-D70E9B5EAEF7}.Debug|Any CPU.ActiveCfg = Debug|Any CPU
		{7ABD4425-F6F5-4C73-ABA8-D70E9B5EAEF7}.Debug|Any CPU.Build.0 = Debug|Any CPU
		{7ABD4425-F6F5-4C73-ABA8-D70E9B5EAEF7}.Debug|x64.ActiveCfg = Debug|Any CPU
		{7ABD4425-F6F5-4C73-ABA8-D70E9B5EAEF7}.Debug|x64.Build.0 = Debug|Any CPU
		{7ABD4425-F6F5-4C73-ABA8-D70E9B5EAEF7}.Debug|x86.ActiveCfg = Debug|Any CPU
		{7ABD4425-F6F5-4C73-ABA8-D70E9B5EAEF7}.Debug|x86.Build.0 = Debug|Any CPU
		{7ABD4425-F6F5-4C73-ABA8-D70E9B5EAEF7}.Release|Any CPU.ActiveCfg = Release|Any CPU
		{7ABD4425-F6F5-4C73-ABA8-D70E9B5EAEF7}.Release|Any CPU.Build.0 = Release|Any CPU
		{7ABD4425-F6F5-4C73-ABA8-D70E9B5EAEF7}.Release|x64.ActiveCfg = Release|Any CPU
		{7ABD4425-F6F5-4C73-ABA8-D70E9B5EAEF7}.Release|x64.Build.0 = Release|Any CPU
		{7ABD4425-F6F5-4C73-ABA8-D70E9B5EAEF7}.Release|x86.ActiveCfg = Release|Any CPU
		{7ABD4425-F6F5-4C73-ABA8-D70E9B5EAEF7}.Release|x86.Build.0 = Release|Any CPU
		{19601AFA-F2C0-4541-9F0E-65B3D182E673}.Debug|Any CPU.ActiveCfg = Debug|Any CPU
		{19601AFA-F2C0-4541-9F0E-65B3D182E673}.Debug|Any CPU.Build.0 = Debug|Any CPU
		{19601AFA-F2C0-4541-9F0E-65B3D182E673}.Debug|x64.ActiveCfg = Debug|Any CPU
		{19601AFA-F2C0-4541-9F0E-65B3D182E673}.Debug|x64.Build.0 = Debug|Any CPU
		{19601AFA-F2C0-4541-9F0E-65B3D182E673}.Debug|x86.ActiveCfg = Debug|Any CPU
		{19601AFA-F2C0-4541-9F0E-65B3D182E673}.Debug|x86.Build.0 = Debug|Any CPU
		{19601AFA-F2C0-4541-9F0E-65B3D182E673}.Release|Any CPU.ActiveCfg = Release|Any CPU
		{19601AFA-F2C0-4541-9F0E-65B3D182E673}.Release|Any CPU.Build.0 = Release|Any CPU
		{19601AFA-F2C0-4541-9F0E-65B3D182E673}.Release|x64.ActiveCfg = Release|Any CPU
		{19601AFA-F2C0-4541-9F0E-65B3D182E673}.Release|x64.Build.0 = Release|Any CPU
		{19601AFA-F2C0-4541-9F0E-65B3D182E673}.Release|x86.ActiveCfg = Release|Any CPU
		{19601AFA-F2C0-4541-9F0E-65B3D182E673}.Release|x86.Build.0 = Release|Any CPU
		{3CC568DB-34B2-4AB5-872D-32055B388EEF}.Debug|Any CPU.ActiveCfg = Debug|Any CPU
		{3CC568DB-34B2-4AB5-872D-32055B388EEF}.Debug|Any CPU.Build.0 = Debug|Any CPU
		{3CC568DB-34B2-4AB5-872D-32055B388EEF}.Debug|x64.ActiveCfg = Debug|Any CPU
		{3CC568DB-34B2-4AB5-872D-32055B388EEF}.Debug|x64.Build.0 = Debug|Any CPU
		{3CC568DB-34B2-4AB5-872D-32055B388EEF}.Debug|x86.ActiveCfg = Debug|Any CPU
		{3CC568DB-34B2-4AB5-872D-32055B388EEF}.Debug|x86.Build.0 = Debug|Any CPU
		{3CC568DB-34B2-4AB5-872D-32055B388EEF}.Release|Any CPU.ActiveCfg = Release|Any CPU
		{3CC568DB-34B2-4AB5-872D-32055B388EEF}.Release|Any CPU.Build.0 = Release|Any CPU
		{3CC568DB-34B2-4AB5-872D-32055B388EEF}.Release|x64.ActiveCfg = Release|Any CPU
		{3CC568DB-34B2-4AB5-872D-32055B388EEF}.Release|x64.Build.0 = Release|Any CPU
		{3CC568DB-34B2-4AB5-872D-32055B388EEF}.Release|x86.ActiveCfg = Release|Any CPU
		{3CC568DB-34B2-4AB5-872D-32055B388EEF}.Release|x86.Build.0 = Release|Any CPU
		{815FCBCD-0153-47A8-8E2B-02643D5B9EB8}.Debug|Any CPU.ActiveCfg = Debug|Any CPU
		{815FCBCD-0153-47A8-8E2B-02643D5B9EB8}.Debug|Any CPU.Build.0 = Debug|Any CPU
		{815FCBCD-0153-47A8-8E2B-02643D5B9EB8}.Debug|x64.ActiveCfg = Debug|Any CPU
		{815FCBCD-0153-47A8-8E2B-02643D5B9EB8}.Debug|x64.Build.0 = Debug|Any CPU
		{815FCBCD-0153-47A8-8E2B-02643D5B9EB8}.Debug|x86.ActiveCfg = Debug|Any CPU
		{815FCBCD-0153-47A8-8E2B-02643D5B9EB8}.Debug|x86.Build.0 = Debug|Any CPU
		{815FCBCD-0153-47A8-8E2B-02643D5B9EB8}.Release|Any CPU.ActiveCfg = Release|Any CPU
		{815FCBCD-0153-47A8-8E2B-02643D5B9EB8}.Release|Any CPU.Build.0 = Release|Any CPU
		{815FCBCD-0153-47A8-8E2B-02643D5B9EB8}.Release|x64.ActiveCfg = Release|Any CPU
		{815FCBCD-0153-47A8-8E2B-02643D5B9EB8}.Release|x64.Build.0 = Release|Any CPU
		{815FCBCD-0153-47A8-8E2B-02643D5B9EB8}.Release|x86.ActiveCfg = Release|Any CPU
		{815FCBCD-0153-47A8-8E2B-02643D5B9EB8}.Release|x86.Build.0 = Release|Any CPU
		{A09A2FAD-87CC-4987-8828-C3276B561A32}.Debug|Any CPU.ActiveCfg = Debug|Any CPU
		{A09A2FAD-87CC-4987-8828-C3276B561A32}.Debug|Any CPU.Build.0 = Debug|Any CPU
		{A09A2FAD-87CC-4987-8828-C3276B561A32}.Debug|x64.ActiveCfg = Debug|Any CPU
		{A09A2FAD-87CC-4987-8828-C3276B561A32}.Debug|x64.Build.0 = Debug|Any CPU
		{A09A2FAD-87CC-4987-8828-C3276B561A32}.Debug|x86.ActiveCfg = Debug|Any CPU
		{A09A2FAD-87CC-4987-8828-C3276B561A32}.Debug|x86.Build.0 = Debug|Any CPU
		{A09A2FAD-87CC-4987-8828-C3276B561A32}.Release|Any CPU.ActiveCfg = Release|Any CPU
		{A09A2FAD-87CC-4987-8828-C3276B561A32}.Release|Any CPU.Build.0 = Release|Any CPU
		{A09A2FAD-87CC-4987-8828-C3276B561A32}.Release|x64.ActiveCfg = Release|Any CPU
		{A09A2FAD-87CC-4987-8828-C3276B561A32}.Release|x64.Build.0 = Release|Any CPU
		{A09A2FAD-87CC-4987-8828-C3276B561A32}.Release|x86.ActiveCfg = Release|Any CPU
		{A09A2FAD-87CC-4987-8828-C3276B561A32}.Release|x86.Build.0 = Release|Any CPU
		{5608C8B5-C547-40F6-A450-4893E3FAC8D3}.Debug|Any CPU.ActiveCfg = Debug|Any CPU
		{5608C8B5-C547-40F6-A450-4893E3FAC8D3}.Debug|Any CPU.Build.0 = Debug|Any CPU
		{5608C8B5-C547-40F6-A450-4893E3FAC8D3}.Debug|x64.ActiveCfg = Debug|Any CPU
		{5608C8B5-C547-40F6-A450-4893E3FAC8D3}.Debug|x64.Build.0 = Debug|Any CPU
		{5608C8B5-C547-40F6-A450-4893E3FAC8D3}.Debug|x86.ActiveCfg = Debug|Any CPU
		{5608C8B5-C547-40F6-A450-4893E3FAC8D3}.Debug|x86.Build.0 = Debug|Any CPU
		{5608C8B5-C547-40F6-A450-4893E3FAC8D3}.Release|Any CPU.ActiveCfg = Release|Any CPU
		{5608C8B5-C547-40F6-A450-4893E3FAC8D3}.Release|Any CPU.Build.0 = Release|Any CPU
		{5608C8B5-C547-40F6-A450-4893E3FAC8D3}.Release|x64.ActiveCfg = Release|Any CPU
		{5608C8B5-C547-40F6-A450-4893E3FAC8D3}.Release|x64.Build.0 = Release|Any CPU
		{5608C8B5-C547-40F6-A450-4893E3FAC8D3}.Release|x86.ActiveCfg = Release|Any CPU
		{5608C8B5-C547-40F6-A450-4893E3FAC8D3}.Release|x86.Build.0 = Release|Any CPU
		{68F775D5-F747-4B64-8675-72DCF8E14B18}.Debug|Any CPU.ActiveCfg = Debug|Any CPU
		{68F775D5-F747-4B64-8675-72DCF8E14B18}.Debug|Any CPU.Build.0 = Debug|Any CPU
		{68F775D5-F747-4B64-8675-72DCF8E14B18}.Debug|x64.ActiveCfg = Debug|Any CPU
		{68F775D5-F747-4B64-8675-72DCF8E14B18}.Debug|x64.Build.0 = Debug|Any CPU
		{68F775D5-F747-4B64-8675-72DCF8E14B18}.Debug|x86.ActiveCfg = Debug|Any CPU
		{68F775D5-F747-4B64-8675-72DCF8E14B18}.Debug|x86.Build.0 = Debug|Any CPU
		{68F775D5-F747-4B64-8675-72DCF8E14B18}.Release|Any CPU.ActiveCfg = Release|Any CPU
		{68F775D5-F747-4B64-8675-72DCF8E14B18}.Release|Any CPU.Build.0 = Release|Any CPU
		{68F775D5-F747-4B64-8675-72DCF8E14B18}.Release|x64.ActiveCfg = Release|Any CPU
		{68F775D5-F747-4B64-8675-72DCF8E14B18}.Release|x64.Build.0 = Release|Any CPU
		{68F775D5-F747-4B64-8675-72DCF8E14B18}.Release|x86.ActiveCfg = Release|Any CPU
		{68F775D5-F747-4B64-8675-72DCF8E14B18}.Release|x86.Build.0 = Release|Any CPU
		{D04DF464-2F1E-44E6-9302-793F89E6B4D9}.Debug|Any CPU.ActiveCfg = Debug|Any CPU
		{D04DF464-2F1E-44E6-9302-793F89E6B4D9}.Debug|Any CPU.Build.0 = Debug|Any CPU
		{D04DF464-2F1E-44E6-9302-793F89E6B4D9}.Debug|x64.ActiveCfg = Debug|Any CPU
		{D04DF464-2F1E-44E6-9302-793F89E6B4D9}.Debug|x64.Build.0 = Debug|Any CPU
		{D04DF464-2F1E-44E6-9302-793F89E6B4D9}.Debug|x86.ActiveCfg = Debug|Any CPU
		{D04DF464-2F1E-44E6-9302-793F89E6B4D9}.Debug|x86.Build.0 = Debug|Any CPU
		{D04DF464-2F1E-44E6-9302-793F89E6B4D9}.Release|Any CPU.ActiveCfg = Release|Any CPU
		{D04DF464-2F1E-44E6-9302-793F89E6B4D9}.Release|Any CPU.Build.0 = Release|Any CPU
		{D04DF464-2F1E-44E6-9302-793F89E6B4D9}.Release|x64.ActiveCfg = Release|Any CPU
		{D04DF464-2F1E-44E6-9302-793F89E6B4D9}.Release|x64.Build.0 = Release|Any CPU
		{D04DF464-2F1E-44E6-9302-793F89E6B4D9}.Release|x86.ActiveCfg = Release|Any CPU
		{D04DF464-2F1E-44E6-9302-793F89E6B4D9}.Release|x86.Build.0 = Release|Any CPU
		{6F0EC984-0D2E-4350-8C11-A66910288E01}.Debug|Any CPU.ActiveCfg = Debug|Any CPU
		{6F0EC984-0D2E-4350-8C11-A66910288E01}.Debug|Any CPU.Build.0 = Debug|Any CPU
		{6F0EC984-0D2E-4350-8C11-A66910288E01}.Debug|x64.ActiveCfg = Debug|Any CPU
		{6F0EC984-0D2E-4350-8C11-A66910288E01}.Debug|x64.Build.0 = Debug|Any CPU
		{6F0EC984-0D2E-4350-8C11-A66910288E01}.Debug|x86.ActiveCfg = Debug|Any CPU
		{6F0EC984-0D2E-4350-8C11-A66910288E01}.Debug|x86.Build.0 = Debug|Any CPU
		{6F0EC984-0D2E-4350-8C11-A66910288E01}.Release|Any CPU.ActiveCfg = Release|Any CPU
		{6F0EC984-0D2E-4350-8C11-A66910288E01}.Release|Any CPU.Build.0 = Release|Any CPU
		{6F0EC984-0D2E-4350-8C11-A66910288E01}.Release|x64.ActiveCfg = Release|Any CPU
		{6F0EC984-0D2E-4350-8C11-A66910288E01}.Release|x64.Build.0 = Release|Any CPU
		{6F0EC984-0D2E-4350-8C11-A66910288E01}.Release|x86.ActiveCfg = Release|Any CPU
		{6F0EC984-0D2E-4350-8C11-A66910288E01}.Release|x86.Build.0 = Release|Any CPU
		{F0ED4E79-29B9-4903-8015-4B6D69685749}.Debug|Any CPU.ActiveCfg = Debug|Any CPU
		{F0ED4E79-29B9-4903-8015-4B6D69685749}.Debug|Any CPU.Build.0 = Debug|Any CPU
		{F0ED4E79-29B9-4903-8015-4B6D69685749}.Debug|x64.ActiveCfg = Debug|Any CPU
		{F0ED4E79-29B9-4903-8015-4B6D69685749}.Debug|x64.Build.0 = Debug|Any CPU
		{F0ED4E79-29B9-4903-8015-4B6D69685749}.Debug|x86.ActiveCfg = Debug|Any CPU
		{F0ED4E79-29B9-4903-8015-4B6D69685749}.Debug|x86.Build.0 = Debug|Any CPU
		{F0ED4E79-29B9-4903-8015-4B6D69685749}.Release|Any CPU.ActiveCfg = Release|Any CPU
		{F0ED4E79-29B9-4903-8015-4B6D69685749}.Release|Any CPU.Build.0 = Release|Any CPU
		{F0ED4E79-29B9-4903-8015-4B6D69685749}.Release|x64.ActiveCfg = Release|Any CPU
		{F0ED4E79-29B9-4903-8015-4B6D69685749}.Release|x64.Build.0 = Release|Any CPU
		{F0ED4E79-29B9-4903-8015-4B6D69685749}.Release|x86.ActiveCfg = Release|Any CPU
		{F0ED4E79-29B9-4903-8015-4B6D69685749}.Release|x86.Build.0 = Release|Any CPU
		{50F792D8-6092-4F26-9D78-C23484D018B8}.Debug|Any CPU.ActiveCfg = Debug|Any CPU
		{50F792D8-6092-4F26-9D78-C23484D018B8}.Debug|Any CPU.Build.0 = Debug|Any CPU
		{50F792D8-6092-4F26-9D78-C23484D018B8}.Debug|x64.ActiveCfg = Debug|Any CPU
		{50F792D8-6092-4F26-9D78-C23484D018B8}.Debug|x64.Build.0 = Debug|Any CPU
		{50F792D8-6092-4F26-9D78-C23484D018B8}.Debug|x86.ActiveCfg = Debug|Any CPU
		{50F792D8-6092-4F26-9D78-C23484D018B8}.Debug|x86.Build.0 = Debug|Any CPU
		{50F792D8-6092-4F26-9D78-C23484D018B8}.Release|Any CPU.ActiveCfg = Release|Any CPU
		{50F792D8-6092-4F26-9D78-C23484D018B8}.Release|Any CPU.Build.0 = Release|Any CPU
		{50F792D8-6092-4F26-9D78-C23484D018B8}.Release|x64.ActiveCfg = Release|Any CPU
		{50F792D8-6092-4F26-9D78-C23484D018B8}.Release|x64.Build.0 = Release|Any CPU
		{50F792D8-6092-4F26-9D78-C23484D018B8}.Release|x86.ActiveCfg = Release|Any CPU
		{50F792D8-6092-4F26-9D78-C23484D018B8}.Release|x86.Build.0 = Release|Any CPU
	EndGlobalSection
	GlobalSection(SolutionProperties) = preSolution
		HideSolutionNode = FALSE
	EndGlobalSection
	GlobalSection(NestedProjects) = preSolution
		{B7AECFF1-202C-D816-9638-0D0F0BE958BD} = {827E0CD3-B72D-47B6-A68D-7590B98EB39B}
		{6BFCAF0B-CD24-4A51-B1DC-7BB3BFCD4C93} = {B7AECFF1-202C-D816-9638-0D0F0BE958BD}
		{9E3EC049-3CFF-6165-9C19-533369C47246} = {827E0CD3-B72D-47B6-A68D-7590B98EB39B}
		{AC237954-1093-41EB-996A-DF109D8FF763} = {9E3EC049-3CFF-6165-9C19-533369C47246}
		{7ABD4425-F6F5-4C73-ABA8-D70E9B5EAEF7} = {9E3EC049-3CFF-6165-9C19-533369C47246}
		{D246CDC7-1ACB-420F-0BA9-401DB6580FDC} = {827E0CD3-B72D-47B6-A68D-7590B98EB39B}
		{19601AFA-F2C0-4541-9F0E-65B3D182E673} = {D246CDC7-1ACB-420F-0BA9-401DB6580FDC}
		{3CC568DB-34B2-4AB5-872D-32055B388EEF} = {D246CDC7-1ACB-420F-0BA9-401DB6580FDC}
		{815FCBCD-0153-47A8-8E2B-02643D5B9EB8} = {D246CDC7-1ACB-420F-0BA9-401DB6580FDC}
		{0A67D5DD-22A1-27B8-4A7A-EC9C81466DB4} = {827E0CD3-B72D-47B6-A68D-7590B98EB39B}
		{A09A2FAD-87CC-4987-8828-C3276B561A32} = {0A67D5DD-22A1-27B8-4A7A-EC9C81466DB4}
		{5608C8B5-C547-40F6-A450-4893E3FAC8D3} = {0A67D5DD-22A1-27B8-4A7A-EC9C81466DB4}
		{68F775D5-F747-4B64-8675-72DCF8E14B18} = {0A67D5DD-22A1-27B8-4A7A-EC9C81466DB4}
		{80EB7CCB-1A5F-047E-9039-B8D47792A748} = {827E0CD3-B72D-47B6-A68D-7590B98EB39B}
		{D04DF464-2F1E-44E6-9302-793F89E6B4D9} = {80EB7CCB-1A5F-047E-9039-B8D47792A748}
		{6F0EC984-0D2E-4350-8C11-A66910288E01} = {80EB7CCB-1A5F-047E-9039-B8D47792A748}
		{C8E42992-5E42-0C2B-DBFE-AA848D06431C} = {827E0CD3-B72D-47B6-A68D-7590B98EB39B}
		{F0ED4E79-29B9-4903-8015-4B6D69685749} = {C8E42992-5E42-0C2B-DBFE-AA848D06431C}
		{50F792D8-6092-4F26-9D78-C23484D018B8} = {0A67D5DD-22A1-27B8-4A7A-EC9C81466DB4}
	EndGlobalSection
	GlobalSection(ExtensibilityGlobals) = postSolution
		SolutionGuid = {B4F3D54D-A800-4201-893B-91E6F26ADD32}
	EndGlobalSection
EndGlobal
